
Microsoft Visual Studio Solution File, Format Version 12.00
# Visual Studio Version 17
VisualStudioVersion = 17.3.32922.545
MinimumVisualStudioVersion = 10.0.40219.1
Project("{FAE04EC0-301F-11D3-BF4B-00C04F79EFBC}") = "RoguelikeV2", "RoguelikeV2\RoguelikeV2.csproj", "{C87A47E3-6CAA-4633-A13C-FB2F1997E0F9}"
EndProject
Global
	GlobalSection(SolutionConfigurationPlatforms) = preSolution
		Debug|Any CPU = Debug|Any CPU
		Release|Any CPU = Release|Any CPU
	EndGlobalSection
	GlobalSection(ProjectConfigurationPlatforms) = postSolution
		{C87A47E3-6CAA-4633-A13C-FB2F1997E0F9}.Debug|Any CPU.ActiveCfg = Debug|Any CPU
		{C87A47E3-6CAA-4633-A13C-FB2F1997E0F9}.Debug|Any CPU.Build.0 = Debug|Any CPU
		{C87A47E3-6CAA-4633-A13C-FB2F1997E0F9}.Release|Any CPU.ActiveCfg = Release|Any CPU
		{C87A47E3-6CAA-4633-A13C-FB2F1997E0F9}.Release|Any CPU.Build.0 = Release|Any CPU
	EndGlobalSection
	GlobalSection(SolutionProperties) = preSolution
		HideSolutionNode = FALSE
	EndGlobalSection
	GlobalSection(ExtensibilityGlobals) = postSolution
		SolutionGuid = {43C9713C-2F53-45A4-A9FE-FA181B8E5B7C}
	EndGlobalSection
EndGlobal
